
Microsoft Visual Studio Solution File, Format Version 12.00
# Visual Studio Version 17
VisualStudioVersion = 17.0.31903.59
MinimumVisualStudioVersion = 10.0.40219.1
Project("{9A19103F-16F7-4668-BE54-9A1E7A4F7556}") = "API", "API\API.csproj", "{FE857128-2D3A-486D-AE2A-8DA99F162B7F}"
EndProject
Project("{9A19103F-16F7-4668-BE54-9A1E7A4F7556}") = "Application", "Application\Application.csproj", "{0C6054A2-BE82-40BD-8E57-5DBEF19FC411}"
EndProject
Project("{9A19103F-16F7-4668-BE54-9A1E7A4F7556}") = "Domain", "Domain\Domain.csproj", "{E5EB0595-2282-4030-BD4D-A2B3315505E5}"
EndProject
Project("{9A19103F-16F7-4668-BE54-9A1E7A4F7556}") = "Persistence", "Persistence\Persistence.csproj", "{A40FD7C5-6FB9-49EB-B271-5574CF52D8CF}"
EndProject
Project("{FAE04EC0-301F-11D3-BF4B-00C04F79EFBC}") = "Infrastructure", "Infrastructure\Infrastructure.csproj", "{B2DA99DA-C2D2-48C3-9CA3-DF33796DFDFC}"
EndProject
Global
	GlobalSection(SolutionConfigurationPlatforms) = preSolution
		Debug|Any CPU = Debug|Any CPU
		Release|Any CPU = Release|Any CPU
	EndGlobalSection
	GlobalSection(ProjectConfigurationPlatforms) = postSolution
		{FE857128-2D3A-486D-AE2A-8DA99F162B7F}.Debug|Any CPU.ActiveCfg = Debug|Any CPU
		{FE857128-2D3A-486D-AE2A-8DA99F162B7F}.Debug|Any CPU.Build.0 = Debug|Any CPU
		{FE857128-2D3A-486D-AE2A-8DA99F162B7F}.Release|Any CPU.ActiveCfg = Release|Any CPU
		{FE857128-2D3A-486D-AE2A-8DA99F162B7F}.Release|Any CPU.Build.0 = Release|Any CPU
		{0C6054A2-BE82-40BD-8E57-5DBEF19FC411}.Debug|Any CPU.ActiveCfg = Debug|Any CPU
		{0C6054A2-BE82-40BD-8E57-5DBEF19FC411}.Debug|Any CPU.Build.0 = Debug|Any CPU
		{0C6054A2-BE82-40BD-8E57-5DBEF19FC411}.Release|Any CPU.ActiveCfg = Release|Any CPU
		{0C6054A2-BE82-40BD-8E57-5DBEF19FC411}.Release|Any CPU.Build.0 = Release|Any CPU
		{E5EB0595-2282-4030-BD4D-A2B3315505E5}.Debug|Any CPU.ActiveCfg = Debug|Any CPU
		{E5EB0595-2282-4030-BD4D-A2B3315505E5}.Debug|Any CPU.Build.0 = Debug|Any CPU
		{E5EB0595-2282-4030-BD4D-A2B3315505E5}.Release|Any CPU.ActiveCfg = Release|Any CPU
		{E5EB0595-2282-4030-BD4D-A2B3315505E5}.Release|Any CPU.Build.0 = Release|Any CPU
		{A40FD7C5-6FB9-49EB-B271-5574CF52D8CF}.Debug|Any CPU.ActiveCfg = Debug|Any CPU
		{A40FD7C5-6FB9-49EB-B271-5574CF52D8CF}.Debug|Any CPU.Build.0 = Debug|Any CPU
		{A40FD7C5-6FB9-49EB-B271-5574CF52D8CF}.Release|Any CPU.ActiveCfg = Release|Any CPU
		{A40FD7C5-6FB9-49EB-B271-5574CF52D8CF}.Release|Any CPU.Build.0 = Release|Any CPU
		{B2DA99DA-C2D2-48C3-9CA3-DF33796DFDFC}.Debug|Any CPU.ActiveCfg = Debug|Any CPU
		{B2DA99DA-C2D2-48C3-9CA3-DF33796DFDFC}.Debug|Any CPU.Build.0 = Debug|Any CPU
		{B2DA99DA-C2D2-48C3-9CA3-DF33796DFDFC}.Release|Any CPU.ActiveCfg = Release|Any CPU
		{B2DA99DA-C2D2-48C3-9CA3-DF33796DFDFC}.Release|Any CPU.Build.0 = Release|Any CPU
	EndGlobalSection
	GlobalSection(SolutionProperties) = preSolution
		HideSolutionNode = FALSE
	EndGlobalSection
	GlobalSection(ExtensibilityGlobals) = postSolution
		SolutionGuid = {02A01DE3-A508-468A-BEDF-E07DCCCB33A3}
	EndGlobalSection
EndGlobal
